
Microsoft Visual Studio Solution File, Format Version 12.00
Project("{FAE04EC0-301F-11D3-BF4B-00C04F79EFBC}") = "Tutorial4Classwork.Demonstration", "src\Tutorial4Classwork.Demonstration\Tutorial4Classwork.Demonstration.csproj", "{5C904601-4F9D-421C-8316-F261908AD46D}"
EndProject
Project("{FAE04EC0-301F-11D3-BF4B-00C04F79EFBC}") = "Tutorial4Classwork.Models", "src\Tutorial4Classwork.Models\Tutorial4Classwork.Models.csproj", "{A03857F1-D3F5-4698-8ACE-462618C055EC}"
EndProject
Project("{FAE04EC0-301F-11D3-BF4B-00C04F79EFBC}") = "Tutorial4Classwork.Application", "src\Tutorial4Classwork.Application\Tutorial4Classwork.Application.csproj", "{75FD8707-2045-463F-AA51-18F4C11C92B8}"
EndProject
Project("{FAE04EC0-301F-11D3-BF4B-00C04F79EFBC}") = "Tutorial4Classwork.UnitTests", "tests\Tutorial4Classwork.UnitTests\Tutorial4Classwork.UnitTests.csproj", "{A7CE6E5C-CFB0-4923-B5C8-551159A976AC}"
EndProject
Global
	GlobalSection(SolutionConfigurationPlatforms) = preSolution
		Debug|Any CPU = Debug|Any CPU
		Release|Any CPU = Release|Any CPU
	EndGlobalSection
	GlobalSection(ProjectConfigurationPlatforms) = postSolution
		{5C904601-4F9D-421C-8316-F261908AD46D}.Debug|Any CPU.ActiveCfg = Debug|Any CPU
		{5C904601-4F9D-421C-8316-F261908AD46D}.Debug|Any CPU.Build.0 = Debug|Any CPU
		{5C904601-4F9D-421C-8316-F261908AD46D}.Release|Any CPU.ActiveCfg = Release|Any CPU
		{5C904601-4F9D-421C-8316-F261908AD46D}.Release|Any CPU.Build.0 = Release|Any CPU
		{A03857F1-D3F5-4698-8ACE-462618C055EC}.Debug|Any CPU.ActiveCfg = Debug|Any CPU
		{A03857F1-D3F5-4698-8ACE-462618C055EC}.Debug|Any CPU.Build.0 = Debug|Any CPU
		{A03857F1-D3F5-4698-8ACE-462618C055EC}.Release|Any CPU.ActiveCfg = Release|Any CPU
		{A03857F1-D3F5-4698-8ACE-462618C055EC}.Release|Any CPU.Build.0 = Release|Any CPU
		{75FD8707-2045-463F-AA51-18F4C11C92B8}.Debug|Any CPU.ActiveCfg = Debug|Any CPU
		{75FD8707-2045-463F-AA51-18F4C11C92B8}.Debug|Any CPU.Build.0 = Debug|Any CPU
		{75FD8707-2045-463F-AA51-18F4C11C92B8}.Release|Any CPU.ActiveCfg = Release|Any CPU
		{75FD8707-2045-463F-AA51-18F4C11C92B8}.Release|Any CPU.Build.0 = Release|Any CPU
		{A7CE6E5C-CFB0-4923-B5C8-551159A976AC}.Debug|Any CPU.ActiveCfg = Debug|Any CPU
		{A7CE6E5C-CFB0-4923-B5C8-551159A976AC}.Debug|Any CPU.Build.0 = Debug|Any CPU
		{A7CE6E5C-CFB0-4923-B5C8-551159A976AC}.Release|Any CPU.ActiveCfg = Release|Any CPU
		{A7CE6E5C-CFB0-4923-B5C8-551159A976AC}.Release|Any CPU.Build.0 = Release|Any CPU
	EndGlobalSection
EndGlobal
